{
  "name": "@yurkimus/cookies",
  "version": "0.0.0",
  "lockfileVersion": 3,
  "requires": true,
  "packages": {
    "": {
      "name": "@yurkimus/cookies",
      "version": "0.0.0",
      "dependencies": {
        "@yurkimus/types": "@yurkimus/types"
      }
    },
    "@yurkimus/types": {},
    "node_modules/@yurkimus/types": {
      "resolved": "@yurkimus/types",
      "link": true
    }
  }
}
