{
  "name": "@yurkimus/cookies",
  "version": "0.0.2",
  "lockfileVersion": 3,
  "requires": true,
  "packages": {
    "": {
      "name": "@yurkimus/cookies",
      "version": "0.0.2",
      "dependencies": {
        "@yurkimus/curry": "github:yurkimus/curry",
        "@yurkimus/types": "github:yurkimus/types"
      }
    },
    "node_modules/@yurkimus/curry": {
      "version": "0.0.5",
      "resolved": "git+ssh://git@github.com/yurkimus/curry.git#b1afc6743c76664a05946d79598c0a2c7d20595b",
      "dependencies": {
        "@yurkimus/types": "github:yurkimus/types"
      }
    },
    "node_modules/@yurkimus/types": {
      "version": "0.0.15",
      "resolved": "git+ssh://git@github.com/yurkimus/types.git#e7e03e4838c690a2c3049d274d87631f9c65288d"
    }
  }
}
